
Microsoft Visual Studio Solution File, Format Version 12.00
# Visual Studio Version 17
VisualStudioVersion = 17.5.33414.496
MinimumVisualStudioVersion = 10.0.40219.1
Project("{FAE04EC0-301F-11D3-BF4B-00C04F79EFBC}") = "moseros", "moseros\moseros.csproj", "{567497F1-22B9-425C-BBD5-6B52FE628077}"
EndProject
Global
	GlobalSection(SolutionConfigurationPlatforms) = preSolution
		Debug|Any CPU = Debug|Any CPU
		Release|Any CPU = Release|Any CPU
	EndGlobalSection
	GlobalSection(ProjectConfigurationPlatforms) = postSolution
		{567497F1-22B9-425C-BBD5-6B52FE628077}.Debug|Any CPU.ActiveCfg = Debug|Any CPU
		{567497F1-22B9-425C-BBD5-6B52FE628077}.Debug|Any CPU.Build.0 = Debug|Any CPU
		{567497F1-22B9-425C-BBD5-6B52FE628077}.Release|Any CPU.ActiveCfg = Release|Any CPU
		{567497F1-22B9-425C-BBD5-6B52FE628077}.Release|Any CPU.Build.0 = Release|Any CPU
	EndGlobalSection
	GlobalSection(SolutionProperties) = preSolution
		HideSolutionNode = FALSE
	EndGlobalSection
	GlobalSection(ExtensibilityGlobals) = postSolution
		SolutionGuid = {E32B7375-2C83-4DCB-89C3-957A1890D7B8}
	EndGlobalSection
EndGlobal
